
Microsoft Visual Studio Solution File, Format Version 12.00
# Visual Studio Version 17
VisualStudioVersion = 17.0.32112.339
MinimumVisualStudioVersion = 10.0.40219.1
Project("{FAE04EC0-301F-11D3-BF4B-00C04F79EFBC}") = "Entities", "Entities\Entities.csproj", "{8669A69D-12D9-479C-915C-1069E4EE85F7}"
EndProject
Project("{FAE04EC0-301F-11D3-BF4B-00C04F79EFBC}") = "DataAccess", "DataAccess\DataAccess.csproj", "{B62D558D-8C63-47C4-BFA1-8B721FDDB1AA}"
EndProject
Project("{FAE04EC0-301F-11D3-BF4B-00C04F79EFBC}") = "Services", "Services\Services.csproj", "{E38499AD-778B-4D6F-80BF-25B537342F8A}"
EndProject
Project("{FAE04EC0-301F-11D3-BF4B-00C04F79EFBC}") = "UIWeb", "UIWeb\UIWeb.csproj", "{C4B30B29-7B12-4F6E-950E-C0982AADE503}"
EndProject
Global
	GlobalSection(SolutionConfigurationPlatforms) = preSolution
		Debug|Any CPU = Debug|Any CPU
		Release|Any CPU = Release|Any CPU
	EndGlobalSection
	GlobalSection(ProjectConfigurationPlatforms) = postSolution
		{8669A69D-12D9-479C-915C-1069E4EE85F7}.Debug|Any CPU.ActiveCfg = Debug|Any CPU
		{8669A69D-12D9-479C-915C-1069E4EE85F7}.Debug|Any CPU.Build.0 = Debug|Any CPU
		{8669A69D-12D9-479C-915C-1069E4EE85F7}.Release|Any CPU.ActiveCfg = Release|Any CPU
		{8669A69D-12D9-479C-915C-1069E4EE85F7}.Release|Any CPU.Build.0 = Release|Any CPU
		{B62D558D-8C63-47C4-BFA1-8B721FDDB1AA}.Debug|Any CPU.ActiveCfg = Debug|Any CPU
		{B62D558D-8C63-47C4-BFA1-8B721FDDB1AA}.Debug|Any CPU.Build.0 = Debug|Any CPU
		{B62D558D-8C63-47C4-BFA1-8B721FDDB1AA}.Release|Any CPU.ActiveCfg = Release|Any CPU
		{B62D558D-8C63-47C4-BFA1-8B721FDDB1AA}.Release|Any CPU.Build.0 = Release|Any CPU
		{E38499AD-778B-4D6F-80BF-25B537342F8A}.Debug|Any CPU.ActiveCfg = Debug|Any CPU
		{E38499AD-778B-4D6F-80BF-25B537342F8A}.Debug|Any CPU.Build.0 = Debug|Any CPU
		{E38499AD-778B-4D6F-80BF-25B537342F8A}.Release|Any CPU.ActiveCfg = Release|Any CPU
		{E38499AD-778B-4D6F-80BF-25B537342F8A}.Release|Any CPU.Build.0 = Release|Any CPU
		{C4B30B29-7B12-4F6E-950E-C0982AADE503}.Debug|Any CPU.ActiveCfg = Debug|Any CPU
		{C4B30B29-7B12-4F6E-950E-C0982AADE503}.Debug|Any CPU.Build.0 = Debug|Any CPU
		{C4B30B29-7B12-4F6E-950E-C0982AADE503}.Release|Any CPU.ActiveCfg = Release|Any CPU
		{C4B30B29-7B12-4F6E-950E-C0982AADE503}.Release|Any CPU.Build.0 = Release|Any CPU
	EndGlobalSection
	GlobalSection(SolutionProperties) = preSolution
		HideSolutionNode = FALSE
	EndGlobalSection
	GlobalSection(ExtensibilityGlobals) = postSolution
		SolutionGuid = {53FD42FE-A448-455C-B1BD-B676C42B47D6}
	EndGlobalSection
EndGlobal
